
Microsoft Visual Studio Solution File, Format Version 12.00
# Visual Studio Version 16
VisualStudioVersion = 16.0.29911.84
MinimumVisualStudioVersion = 10.0.40219.1
Project("{8BC9CEB8-8B4A-11D0-8D11-00A0C91BC942}") = "Project1", "Project1\Project1.vcxproj", "{068E7AAA-945F-4D39-BF9F-A6442D1A626E}"
EndProject
Global
	GlobalSection(SolutionConfigurationPlatforms) = preSolution
		Debug|x64 = Debug|x64
		Debug|x86 = Debug|x86
		Release|x64 = Release|x64
		Release|x86 = Release|x86
	EndGlobalSection
	GlobalSection(ProjectConfigurationPlatforms) = postSolution
		{068E7AAA-945F-4D39-BF9F-A6442D1A626E}.Debug|x64.ActiveCfg = Debug|x64
		{068E7AAA-945F-4D39-BF9F-A6442D1A626E}.Debug|x64.Build.0 = Debug|x64
		{068E7AAA-945F-4D39-BF9F-A6442D1A626E}.Debug|x86.ActiveCfg = Debug|Win32
		{068E7AAA-945F-4D39-BF9F-A6442D1A626E}.Debug|x86.Build.0 = Debug|Win32
		{068E7AAA-945F-4D39-BF9F-A6442D1A626E}.Release|x64.ActiveCfg = Release|x64
		{068E7AAA-945F-4D39-BF9F-A6442D1A626E}.Release|x64.Build.0 = Release|x64
		{068E7AAA-945F-4D39-BF9F-A6442D1A626E}.Release|x86.ActiveCfg = Release|Win32
		{068E7AAA-945F-4D39-BF9F-A6442D1A626E}.Release|x86.Build.0 = Release|Win32
	EndGlobalSection
	GlobalSection(SolutionProperties) = preSolution
		HideSolutionNode = FALSE
	EndGlobalSection
	GlobalSection(ExtensibilityGlobals) = postSolution
		SolutionGuid = {C0C16D83-48D0-46AE-800A-1427D4D2BC9C}
	EndGlobalSection
EndGlobal
